
Microsoft Visual Studio Solution File, Format Version 12.00
# Visual Studio Version 17
VisualStudioVersion = 17.3.32901.215
MinimumVisualStudioVersion = 10.0.40219.1
Project("{FAE04EC0-301F-11D3-BF4B-00C04F79EFBC}") = "PR_4", "PR_4\PR_4.csproj", "{5BF7889A-1AE5-4961-B392-E1C9F44CB8AB}"
EndProject
Project("{FAE04EC0-301F-11D3-BF4B-00C04F79EFBC}") = "TestMatrix", "TestMatrix\TestMatrix.csproj", "{5158CF7F-28E8-4689-BCAF-F376AEB2A3B1}"
EndProject
Project("{FAE04EC0-301F-11D3-BF4B-00C04F79EFBC}") = "NUnitTest", "NUnitTest\NUnitTest.csproj", "{31B90F31-397C-40BD-8C22-C60B29FC3E09}"
EndProject
Global
	GlobalSection(SolutionConfigurationPlatforms) = preSolution
		Debug|Any CPU = Debug|Any CPU
		Release|Any CPU = Release|Any CPU
	EndGlobalSection
	GlobalSection(ProjectConfigurationPlatforms) = postSolution
		{5BF7889A-1AE5-4961-B392-E1C9F44CB8AB}.Debug|Any CPU.ActiveCfg = Debug|Any CPU
		{5BF7889A-1AE5-4961-B392-E1C9F44CB8AB}.Debug|Any CPU.Build.0 = Debug|Any CPU
		{5BF7889A-1AE5-4961-B392-E1C9F44CB8AB}.Release|Any CPU.ActiveCfg = Release|Any CPU
		{5BF7889A-1AE5-4961-B392-E1C9F44CB8AB}.Release|Any CPU.Build.0 = Release|Any CPU
		{5158CF7F-28E8-4689-BCAF-F376AEB2A3B1}.Debug|Any CPU.ActiveCfg = Debug|Any CPU
		{5158CF7F-28E8-4689-BCAF-F376AEB2A3B1}.Debug|Any CPU.Build.0 = Debug|Any CPU
		{5158CF7F-28E8-4689-BCAF-F376AEB2A3B1}.Release|Any CPU.ActiveCfg = Release|Any CPU
		{5158CF7F-28E8-4689-BCAF-F376AEB2A3B1}.Release|Any CPU.Build.0 = Release|Any CPU
		{31B90F31-397C-40BD-8C22-C60B29FC3E09}.Debug|Any CPU.ActiveCfg = Debug|Any CPU
		{31B90F31-397C-40BD-8C22-C60B29FC3E09}.Debug|Any CPU.Build.0 = Debug|Any CPU
		{31B90F31-397C-40BD-8C22-C60B29FC3E09}.Release|Any CPU.ActiveCfg = Release|Any CPU
		{31B90F31-397C-40BD-8C22-C60B29FC3E09}.Release|Any CPU.Build.0 = Release|Any CPU
	EndGlobalSection
	GlobalSection(SolutionProperties) = preSolution
		HideSolutionNode = FALSE
	EndGlobalSection
	GlobalSection(ExtensibilityGlobals) = postSolution
		SolutionGuid = {1C762F9E-D7CE-4BDC-8297-EBDB516DB667}
	EndGlobalSection
EndGlobal
